
Microsoft Visual Studio Solution File, Format Version 12.00
# Visual Studio Version 16
VisualStudioVersion = 16.0.29926.136
MinimumVisualStudioVersion = 10.0.40219.1
Project("{FAE04EC0-301F-11D3-BF4B-00C04F79EFBC}") = "ShepherdJeremyFinalProject_01", "ShepherdJeremyFinalProject_01.csproj", "{D409A396-904F-4110-B556-B8592476C8BD}"
EndProject
Global
	GlobalSection(SolutionConfigurationPlatforms) = preSolution
		Debug|Any CPU = Debug|Any CPU
		Release|Any CPU = Release|Any CPU
	EndGlobalSection
	GlobalSection(ProjectConfigurationPlatforms) = postSolution
		{D409A396-904F-4110-B556-B8592476C8BD}.Debug|Any CPU.ActiveCfg = Debug|Any CPU
		{D409A396-904F-4110-B556-B8592476C8BD}.Debug|Any CPU.Build.0 = Debug|Any CPU
		{D409A396-904F-4110-B556-B8592476C8BD}.Release|Any CPU.ActiveCfg = Release|Any CPU
		{D409A396-904F-4110-B556-B8592476C8BD}.Release|Any CPU.Build.0 = Release|Any CPU
	EndGlobalSection
	GlobalSection(SolutionProperties) = preSolution
		HideSolutionNode = FALSE
	EndGlobalSection
	GlobalSection(ExtensibilityGlobals) = postSolution
		SolutionGuid = {3C304A02-2B4A-4694-A072-03D47B5EFCA1}
	EndGlobalSection
EndGlobal
